{
  "name": "personal-rss-reserver",
  "lockfileVersion": 3,
  "requires": true,
  "packages": {
    "": {
      "dependencies": {
        "@js-joda/core": "^5.6.2",
        "@js-joda/locale_en-us": "^3.1.1",
        "@js-joda/timezone": "^2.8.0",
        "diff2html": "^3.4.48"
      }
    },
    "node_modules/@js-joda/core": {
      "version": "5.6.2",
      "resolved": "https://registry.npmjs.org/@js-joda/core/-/core-5.6.2.tgz",
      "integrity": "sha512-ow4R+7C24xeTjiMTTZ4k6lvxj7MRBqvqLCQjThQff3RjOmIMokMP20LNYVFhGafJtUx/Xo2Qp4qU8eNoTVH0SA=="
    },
    "node_modules/@js-joda/locale_en-us": {
      "version": "3.2.2",
      "resolved": "https://registry.npmjs.org/@js-joda/locale_en-us/-/locale_en-us-3.2.2.tgz",
      "integrity": "sha512-/3KCf1BD0V9N5ffFCm7Q4VpWHty8hABAdtkIoyCf2VjxAYelTebw7Vq6L1rtrMyWU2Ltb7n00S1FWb5dewNjHg==",
      "peerDependencies": {
        "@js-joda/core": ">=3.2.0",
        "@js-joda/timezone": "^2.3.0"
      }
    },
    "node_modules/@js-joda/timezone": {
      "version": "2.21.0",
      "resolved": "https://registry.npmjs.org/@js-joda/timezone/-/timezone-2.21.0.tgz",
      "integrity": "sha512-doyzPp6jqVow/eE7jG7yP4jNOmtzRAyIby5bzv3MDYzZ0yJlSVrM+LhTnmGTmxcgooqbLcqWymix+v4yUnNhPw==",
      "peerDependencies": {
        "@js-joda/core": ">=1.11.0"
      }
    },
    "node_modules/abbrev": {
      "version": "1.1.1",
      "resolved": "https://registry.npmjs.org/abbrev/-/abbrev-1.1.1.tgz",
      "integrity": "sha512-nne9/IiQ/hzIhY6pdDnbBtz7DjPTKrY00P/zvPSm5pOFkl6xuGrGnXn/VtTNNfNtAfZ9/1RtehkszU9qcTii0Q=="
    },
    "node_modules/diff": {
      "version": "5.1.0",
      "resolved": "https://registry.npmjs.org/diff/-/diff-5.1.0.tgz",
      "integrity": "sha512-D+mk+qE8VC/PAUrlAU34N+VfXev0ghe5ywmpqrawphmVZc1bEfn56uo9qpyGp1p4xpzOHkSW4ztBd6L7Xx4ACw==",
      "engines": {
        "node": ">=0.3.1"
      }
    },
    "node_modules/diff2html": {
      "version": "3.4.48",
      "resolved": "https://registry.npmjs.org/diff2html/-/diff2html-3.4.48.tgz",
      "integrity": "sha512-1lzNSg0G0VPKZPTyi4knzV2nAWTXBy/QaWCKzDto6iEIlcuOJEG0li4bElJfpHNz+pBqPu4AcC1i9ZCo9KMUOg==",
      "dependencies": {
        "diff": "5.1.0",
        "hogan.js": "3.0.2"
      },
      "engines": {
        "node": ">=12"
      },
      "optionalDependencies": {
        "highlight.js": "11.9.0"
      }
    },
    "node_modules/highlight.js": {
      "version": "11.9.0",
      "resolved": "https://registry.npmjs.org/highlight.js/-/highlight.js-11.9.0.tgz",
      "integrity": "sha512-fJ7cW7fQGCYAkgv4CPfwFHrfd/cLS4Hau96JuJ+ZTOWhjnhoeN1ub1tFmALm/+lW5z4WCAuAV9bm05AP0mS6Gw==",
      "optional": true,
      "engines": {
        "node": ">=12.0.0"
      }
    },
    "node_modules/hogan.js": {
      "version": "3.0.2",
      "resolved": "https://registry.npmjs.org/hogan.js/-/hogan.js-3.0.2.tgz",
      "integrity": "sha512-RqGs4wavGYJWE07t35JQccByczmNUXQT0E12ZYV1VKYu5UiAU9lsos/yBAcf840+zrUQQxgVduCR5/B8nNtibg==",
      "dependencies": {
        "mkdirp": "0.3.0",
        "nopt": "1.0.10"
      },
      "bin": {
        "hulk": "bin/hulk"
      }
    },
    "node_modules/mkdirp": {
      "version": "0.3.0",
      "resolved": "https://registry.npmjs.org/mkdirp/-/mkdirp-0.3.0.tgz",
      "integrity": "sha512-OHsdUcVAQ6pOtg5JYWpCBo9W/GySVuwvP9hueRMW7UqshC0tbfzLv8wjySTPm3tfUZ/21CE9E1pJagOA91Pxew==",
      "deprecated": "Legacy versions of mkdirp are no longer supported. Please update to mkdirp 1.x. (Note that the API surface has changed to use Promises in 1.x.)",
      "engines": {
        "node": "*"
      }
    },
    "node_modules/nopt": {
      "version": "1.0.10",
      "resolved": "https://registry.npmjs.org/nopt/-/nopt-1.0.10.tgz",
      "integrity": "sha512-NWmpvLSqUrgrAC9HCuxEvb+PSloHpqVu+FqcO4eeF2h5qYRhA7ev6KvelyQAKtegUbC6RypJnlEOhd8vloNKYg==",
      "dependencies": {
        "abbrev": "1"
      },
      "bin": {
        "nopt": "bin/nopt.js"
      },
      "engines": {
        "node": "*"
      }
    }
  }
}
